{
    "_readme": [
        "This file locks the dependencies of your project to a known state",
        "Read more about it at https://getcomposer.org/doc/01-basic-usage.md#installing-dependencies",
        "This file is @generated automatically"
    ],
    "content-hash": "4a2cf7064cbc57c07b37eaa27c23e749",
    "packages": [
        {
            "name": "components/jquery",
            "version": "3.5.1",
            "source": {
                "type": "git",
                "url": "https://github.com/components/jquery.git",
                "reference": "b33e8f0f9a1cb2ae390cf05d766a900b53d2125b"
            },
            "dist": {
                "type": "zip",
                "url": "https://api.github.com/repos/components/jquery/zipball/b33e8f0f9a1cb2ae390cf05d766a900b53d2125b",
                "reference": "b33e8f0f9a1cb2ae390cf05d766a900b53d2125b",
                "shasum": ""
            },
            "type": "component",
            "extra": {
                "component": {
                    "scripts": [
                        "jquery.js"
                    ],
                    "files": [
                        "jquery.min.js",
                        "jquery.min.map",
                        "jquery.slim.js",
                        "jquery.slim.min.js",
                        "jquery.slim.min.map"
                    ]
                }
            },
            "notification-url": "https://packagist.org/downloads/",
            "license": [
                "MIT"
            ],
            "authors": [
                {
                    "name": "JS Foundation and other contributors"
                }
            ],
            "description": "jQuery JavaScript Library",
            "homepage": "http://jquery.com",
            "time": "2020-05-05T13:21:02+00:00"
        },
        {
            "name": "miamiruby/pr",
            "version": "1.0",
            "source": {
                "type": "git",
                "url": "https://github.com/miamiruby/pr.git",
                "reference": "2b1da9c0459a9528cfe3b9560001db9e35fb2f22"
            },
            "dist": {
                "type": "zip",
                "url": "https://api.github.com/repos/miamiruby/pr/zipball/2b1da9c0459a9528cfe3b9560001db9e35fb2f22",
                "reference": "2b1da9c0459a9528cfe3b9560001db9e35fb2f22",
                "shasum": ""
            },
            "type": "library",
            "autoload": {
                "files": [
                    "PR.php"
                ]
            },
            "notification-url": "https://packagist.org/downloads/",
            "license": [
                "MIT"
            ],
            "authors": [
                {
                    "name": "Paul Kruger",
                    "email": "paul@miamiphp.org"
                }
            ],
            "description": "Print Array nicely",
            "time": "2020-07-23T15:17:42+00:00"
        },
        {
            "name": "php-activerecord/php-activerecord",
            "version": "v1.2.0",
            "source": {
                "type": "git",
                "url": "https://github.com/jpfuentes2/php-activerecord.git",
                "reference": "e6d2dad090617336dee730190be0294c5f132c69"
            },
            "dist": {
                "type": "zip",
                "url": "https://api.github.com/repos/jpfuentes2/php-activerecord/zipball/e6d2dad090617336dee730190be0294c5f132c69",
                "reference": "e6d2dad090617336dee730190be0294c5f132c69",
                "shasum": ""
            },
            "require": {
                "php": ">=5.3.0"
            },
            "require-dev": {
                "pear/log": "~1.12",
                "pear/pear_exception": "1.0-beta1",
                "phpunit/phpunit": "4.*"
            },
            "type": "library",
            "autoload": {
                "files": [
                    "ActiveRecord.php"
                ]
            },
            "notification-url": "https://packagist.org/downloads/",
            "license": [
                "MIT"
            ],
            "description": "php-activerecord is an open source ORM library based on the ActiveRecord pattern.",
            "homepage": "http://www.phpactiverecord.org/",
            "keywords": [
                "activerecord",
                "orm"
            ],
            "time": "2017-06-11T22:05:37+00:00"
        },
        {
            "name": "phpmailer/phpmailer",
            "version": "v6.1.7",
            "source": {
                "type": "git",
                "url": "https://github.com/PHPMailer/PHPMailer.git",
                "reference": "2c2370ba3df7034f9eb7b8f387c97b52b2ba5ad0"
            },
            "dist": {
                "type": "zip",
                "url": "https://api.github.com/repos/PHPMailer/PHPMailer/zipball/2c2370ba3df7034f9eb7b8f387c97b52b2ba5ad0",
                "reference": "2c2370ba3df7034f9eb7b8f387c97b52b2ba5ad0",
                "shasum": ""
            },
            "require": {
                "ext-ctype": "*",
                "ext-filter": "*",
                "php": ">=5.5.0"
            },
            "require-dev": {
                "doctrine/annotations": "^1.2",
                "friendsofphp/php-cs-fixer": "^2.2",
                "phpunit/phpunit": "^4.8 || ^5.7"
            },
            "suggest": {
                "ext-mbstring": "Needed to send email in multibyte encoding charset",
                "hayageek/oauth2-yahoo": "Needed for Yahoo XOAUTH2 authentication",
                "league/oauth2-google": "Needed for Google XOAUTH2 authentication",
                "psr/log": "For optional PSR-3 debug logging",
                "stevenmaguire/oauth2-microsoft": "Needed for Microsoft XOAUTH2 authentication",
                "symfony/polyfill-mbstring": "To support UTF-8 if the Mbstring PHP extension is not enabled (^1.2)"
            },
            "type": "library",
            "autoload": {
                "psr-4": {
                    "PHPMailer\\PHPMailer\\": "src/"
                }
            },
            "notification-url": "https://packagist.org/downloads/",
            "license": [
                "LGPL-2.1-only"
            ],
            "authors": [
                {
                    "name": "Marcus Bointon",
                    "email": "phpmailer@synchromedia.co.uk"
                },
                {
                    "name": "Jim Jagielski",
                    "email": "jimjag@gmail.com"
                },
                {
                    "name": "Andy Prevost",
                    "email": "codeworxtech@users.sourceforge.net"
                },
                {
                    "name": "Brent R. Matzelle"
                }
            ],
            "description": "PHPMailer is a full-featured email creation and transfer class for PHP",
            "funding": [
                {
                    "url": "https://github.com/synchro",
                    "type": "github"
                }
            ],
            "time": "2020-07-14T18:50:27+00:00"
        },
        {
            "name": "symfony/polyfill-ctype",
            "version": "v1.18.0",
            "source": {
                "type": "git",
                "url": "https://github.com/symfony/polyfill-ctype.git",
                "reference": "1c302646f6efc070cd46856e600e5e0684d6b454"
            },
            "dist": {
                "type": "zip",
                "url": "https://api.github.com/repos/symfony/polyfill-ctype/zipball/1c302646f6efc070cd46856e600e5e0684d6b454",
                "reference": "1c302646f6efc070cd46856e600e5e0684d6b454",
                "shasum": ""
            },
            "require": {
                "php": ">=5.3.3"
            },
            "suggest": {
                "ext-ctype": "For best performance"
            },
            "type": "library",
            "extra": {
                "branch-alias": {
                    "dev-master": "1.18-dev"
                },
                "thanks": {
                    "name": "symfony/polyfill",
                    "url": "https://github.com/symfony/polyfill"
                }
            },
            "autoload": {
                "psr-4": {
                    "Symfony\\Polyfill\\Ctype\\": ""
                },
                "files": [
                    "bootstrap.php"
                ]
            },
            "notification-url": "https://packagist.org/downloads/",
            "license": [
                "MIT"
            ],
            "authors": [
                {
                    "name": "Gert de Pagter",
                    "email": "BackEndTea@gmail.com"
                },
                {
                    "name": "Symfony Community",
                    "homepage": "https://symfony.com/contributors"
                }
            ],
            "description": "Symfony polyfill for ctype functions",
            "homepage": "https://symfony.com",
            "keywords": [
                "compatibility",
                "ctype",
                "polyfill",
                "portable"
            ],
            "funding": [
                {
                    "url": "https://symfony.com/sponsor",
                    "type": "custom"
                },
                {
                    "url": "https://github.com/fabpot",
                    "type": "github"
                },
                {
                    "url": "https://tidelift.com/funding/github/packagist/symfony/symfony",
                    "type": "tidelift"
                }
            ],
            "time": "2020-07-14T12:35:20+00:00"
        },
        {
            "name": "twbs/bootstrap",
            "version": "v4.5.0",
            "source": {
                "type": "git",
                "url": "https://github.com/twbs/bootstrap.git",
                "reference": "7a6da5e3e7ad7c749dde806546a35d4d4259d965"
            },
            "dist": {
                "type": "zip",
                "url": "https://api.github.com/repos/twbs/bootstrap/zipball/7a6da5e3e7ad7c749dde806546a35d4d4259d965",
                "reference": "7a6da5e3e7ad7c749dde806546a35d4d4259d965",
                "shasum": ""
            },
            "replace": {
                "twitter/bootstrap": "self.version"
            },
            "type": "library",
            "extra": {
                "branch-alias": {
                    "dev-master": "3.3.x-dev"
                }
            },
            "notification-url": "https://packagist.org/downloads/",
            "license": [
                "MIT"
            ],
            "authors": [
                {
                    "name": "Mark Otto",
                    "email": "markdotto@gmail.com"
                },
                {
                    "name": "Jacob Thornton",
                    "email": "jacobthornton@gmail.com"
                }
            ],
            "description": "The most popular front-end framework for developing responsive, mobile first projects on the web.",
            "homepage": "https://getbootstrap.com/",
            "keywords": [
                "JS",
                "css",
                "framework",
                "front-end",
                "mobile-first",
                "responsive",
                "sass",
                "web"
            ],
            "funding": [
                {
                    "url": "https://opencollective.com/bootstrap",
                    "type": "open_collective"
                }
            ],
            "time": "2020-05-12T17:44:42+00:00"
        },
        {
            "name": "twig/twig",
            "version": "v1.42.5",
            "source": {
                "type": "git",
                "url": "https://github.com/twigphp/Twig.git",
                "reference": "87b2ea9d8f6fd014d0621ca089bb1b3769ea3f8e"
            },
            "dist": {
                "type": "zip",
                "url": "https://api.github.com/repos/twigphp/Twig/zipball/87b2ea9d8f6fd014d0621ca089bb1b3769ea3f8e",
                "reference": "87b2ea9d8f6fd014d0621ca089bb1b3769ea3f8e",
                "shasum": ""
            },
            "require": {
                "php": ">=5.5.0",
                "symfony/polyfill-ctype": "^1.8"
            },
            "require-dev": {
                "psr/container": "^1.0",
                "symfony/phpunit-bridge": "^4.4|^5.0"
            },
            "type": "library",
            "extra": {
                "branch-alias": {
                    "dev-master": "1.42-dev"
                }
            },
            "autoload": {
                "psr-0": {
                    "Twig_": "lib/"
                },
                "psr-4": {
                    "Twig\\": "src/"
                }
            },
            "notification-url": "https://packagist.org/downloads/",
            "license": [
                "BSD-3-Clause"
            ],
            "authors": [
                {
                    "name": "Fabien Potencier",
                    "email": "fabien@symfony.com",
                    "homepage": "http://fabien.potencier.org",
                    "role": "Lead Developer"
                },
                {
                    "name": "Twig Team",
                    "role": "Contributors"
                },
                {
                    "name": "Armin Ronacher",
                    "email": "armin.ronacher@active-4.com",
                    "role": "Project Founder"
                }
            ],
            "description": "Twig, the flexible, fast, and secure template language for PHP",
            "homepage": "https://twig.symfony.com",
            "keywords": [
                "templating"
            ],
            "time": "2020-02-11T05:59:23+00:00"
        }
    ],
    "packages-dev": [],
    "aliases": [],
    "minimum-stability": "stable",
    "stability-flags": [],
    "prefer-stable": false,
    "prefer-lowest": false,
    "platform": [],
    "platform-dev": [],
    "plugin-api-version": "1.1.0"
}
