# THIS IS AN AUTOGENERATED FILE. DO NOT EDIT THIS FILE DIRECTLY.
# yarn lockfile v1


"@popperjs/core@^2.4.4":
  version "2.4.4"
  resolved "https://registry.yarnpkg.com/@popperjs/core/-/core-2.4.4.tgz#11d5db19bd178936ec89cd84519c4de439574398"
  integrity sha512-1oO6+dN5kdIA3sKPZhRGJTfGVP4SWV6KqlMOwry4J3HfyD68sl/3KmG7DeYUzvN+RbhXDnv/D8vNNB8168tAMg==

yarn@^1.22.4:
  version "1.22.4"
  resolved "https://registry.yarnpkg.com/yarn/-/yarn-1.22.4.tgz#01c1197ca5b27f21edc8bc472cd4c8ce0e5a470e"
  integrity sha512-oYM7hi/lIWm9bCoDMEWgffW8aiNZXCWeZ1/tGy0DWrN6vmzjCXIKu2Y21o8DYVBUtiktwKcNoxyGl/2iKLUNGA==
